
Microsoft Visual Studio Solution File, Format Version 12.00
# Visual Studio 15
VisualStudioVersion = 15.0.26403.3
MinimumVisualStudioVersion = 10.0.40219.1
Project("{FAE04EC0-301F-11D3-BF4B-00C04F79EFBC}") = "VKGameFriends", "VKGameFriends\VKGameFriends.csproj", "{8190E570-E826-4592-A07B-AEB1ACB6E2B8}"
EndProject
Global
	GlobalSection(SolutionConfigurationPlatforms) = preSolution
		Debug|Any CPU = Debug|Any CPU
		Release|Any CPU = Release|Any CPU
	EndGlobalSection
	GlobalSection(ProjectConfigurationPlatforms) = postSolution
		{8190E570-E826-4592-A07B-AEB1ACB6E2B8}.Debug|Any CPU.ActiveCfg = Debug|Any CPU
		{8190E570-E826-4592-A07B-AEB1ACB6E2B8}.Debug|Any CPU.Build.0 = Debug|Any CPU
		{8190E570-E826-4592-A07B-AEB1ACB6E2B8}.Release|Any CPU.ActiveCfg = Release|Any CPU
		{8190E570-E826-4592-A07B-AEB1ACB6E2B8}.Release|Any CPU.Build.0 = Release|Any CPU
	EndGlobalSection
	GlobalSection(SolutionProperties) = preSolution
		HideSolutionNode = FALSE
	EndGlobalSection
EndGlobal
